// !$*UTF8*$!
{
	archiveVersion = 1;
	classes = {
	};
	objectVersion = 56;
	objects = {

/* Begin PBXBuildFile section */
		D3407D262B39A49800D9DFA2 /* AppDelegate.swift in Sources */ = {isa = PBXBuildFile; fileRef = D3407D252B39A49800D9DFA2 /* AppDelegate.swift */; };
		D3407D282B39A49800D9DFA2 /* SceneDelegate.swift in Sources */ = {isa = PBXBuildFile; fileRef = D3407D272B39A49800D9DFA2 /* SceneDelegate.swift */; };
		D3407D2F2B39A4AA00D9DFA2 /* Assets.xcassets in Resources */ = {isa = PBXBuildFile; fileRef = D3407D2E2B39A4AA00D9DFA2 /* Assets.xcassets */; };
		D3407D322B39A4AA00D9DFA2 /* LaunchScreen.storyboard in Resources */ = {isa = PBXBuildFile; fileRef = D3407D302B39A4AA00D9DFA2 /* LaunchScreen.storyboard */; };
		D3407D3D2B39A4AA00D9DFA2 /* HW42_HSR_PickerVeiw_Tests.swift in Sources */ = {isa = PBXBuildFile; fileRef = D3407D3C2B39A4AA00D9DFA2 /* HW42_HSR_PickerVeiw_Tests.swift */; };
		D3407D472B39A4AA00D9DFA2 /* HW42_HSR_PickerVeiw_UITests.swift in Sources */ = {isa = PBXBuildFile; fileRef = D3407D462B39A4AA00D9DFA2 /* HW42_HSR_PickerVeiw_UITests.swift */; };
		D3407D492B39A4AA00D9DFA2 /* HW42_HSR_PickerVeiw_UITestsLaunchTests.swift in Sources */ = {isa = PBXBuildFile; fileRef = D3407D482B39A4AA00D9DFA2 /* HW42_HSR_PickerVeiw_UITestsLaunchTests.swift */; };
		D3407D5F2B39D17700D9DFA2 /* SearchTableViewCell.swift in Sources */ = {isa = PBXBuildFile; fileRef = D3407D5D2B39D17700D9DFA2 /* SearchTableViewCell.swift */; };
		D3407D602B39D17700D9DFA2 /* SearchTableViewCell.xib in Resources */ = {isa = PBXBuildFile; fileRef = D3407D5E2B39D17700D9DFA2 /* SearchTableViewCell.xib */; };
		D3407D822B39F06100D9DFA2 /* ChooseStationTableViewCell.swift in Sources */ = {isa = PBXBuildFile; fileRef = D3407D802B39F06100D9DFA2 /* ChooseStationTableViewCell.swift */; };
		D3407D832B39F06100D9DFA2 /* ChooseStationTableViewCell.xib in Resources */ = {isa = PBXBuildFile; fileRef = D3407D812B39F06100D9DFA2 /* ChooseStationTableViewCell.xib */; };
		D38C05922B42D6860098E0B9 /* ServiceSelection+Model.swift in Sources */ = {isa = PBXBuildFile; fileRef = D38C05912B42D6860098E0B9 /* ServiceSelection+Model.swift */; };
		D38C05942B42D6E50098E0B9 /* StationName+Model.swift in Sources */ = {isa = PBXBuildFile; fileRef = D38C05932B42D6E50098E0B9 /* StationName+Model.swift */; };
		D3F843E32B576F84001AF2D1 /* UIColor+Ext.swift in Sources */ = {isa = PBXBuildFile; fileRef = D3F843E22B576F84001AF2D1 /* UIColor+Ext.swift */; };
		D3F843E72B57A654001AF2D1 /* AccountViewController.swift in Sources */ = {isa = PBXBuildFile; fileRef = D3F843E62B57A654001AF2D1 /* AccountViewController.swift */; };
		D3F843E92B57B031001AF2D1 /* AccountTableViewCell+Model.swift in Sources */ = {isa = PBXBuildFile; fileRef = D3F843E82B57B031001AF2D1 /* AccountTableViewCell+Model.swift */; };
		D3F843EC2B57CB2B001AF2D1 /* AccountTableViewCell.swift in Sources */ = {isa = PBXBuildFile; fileRef = D3F843EA2B57CB2B001AF2D1 /* AccountTableViewCell.swift */; };
		D3F843ED2B57CB2B001AF2D1 /* AccountTableViewCell.xib in Resources */ = {isa = PBXBuildFile; fileRef = D3F843EB2B57CB2B001AF2D1 /* AccountTableViewCell.xib */; };
		D3F843FD2B5C28B6001AF2D1 /* ServiceTableViewCell.swift in Sources */ = {isa = PBXBuildFile; fileRef = D3F843FB2B5C28B6001AF2D1 /* ServiceTableViewCell.swift */; };
		D3F843FE2B5C28B6001AF2D1 /* ServiceTableViewCell.xib in Resources */ = {isa = PBXBuildFile; fileRef = D3F843FC2B5C28B6001AF2D1 /* ServiceTableViewCell.xib */; };
		D3F844022B5D341D001AF2D1 /* RidingTimeViewController.swift in Sources */ = {isa = PBXBuildFile; fileRef = D3F844012B5D341D001AF2D1 /* RidingTimeViewController.swift */; };
		EB631B982B3B1EE200D77A16 /* TickerOrderViewController.swift in Sources */ = {isa = PBXBuildFile; fileRef = EB631B972B3B1EE200D77A16 /* TickerOrderViewController.swift */; };
		EB83C6F52B4473B100C78859 /* UIView+Ext.swift in Sources */ = {isa = PBXBuildFile; fileRef = EB83C6F42B4473B100C78859 /* UIView+Ext.swift */; };
		EBFEBF3F2B3B07E900B9B3E1 /* TrainStatusTableViewCell.swift in Sources */ = {isa = PBXBuildFile; fileRef = EBFEBF3D2B3B07E900B9B3E1 /* TrainStatusTableViewCell.swift */; };
		EBFEBF402B3B07E900B9B3E1 /* TrainStatusTableViewCell.xib in Resources */ = {isa = PBXBuildFile; fileRef = EBFEBF3E2B3B07E900B9B3E1 /* TrainStatusTableViewCell.xib */; };
/* End PBXBuildFile section */

/* Begin PBXContainerItemProxy section */
		D3407D392B39A4AA00D9DFA2 /* PBXContainerItemProxy */ = {
			isa = PBXContainerItemProxy;
			containerPortal = D3407D1A2B39A49800D9DFA2 /* Project object */;
			proxyType = 1;
			remoteGlobalIDString = D3407D212B39A49800D9DFA2;
			remoteInfo = "HW42-HSR(PickerVeiw)";
		};
		D3407D432B39A4AA00D9DFA2 /* PBXContainerItemProxy */ = {
			isa = PBXContainerItemProxy;
			containerPortal = D3407D1A2B39A49800D9DFA2 /* Project object */;
			proxyType = 1;
			remoteGlobalIDString = D3407D212B39A49800D9DFA2;
			remoteInfo = "HW42-HSR(PickerVeiw)";
		};
/* End PBXContainerItemProxy section */

/* Begin PBXFileReference section */
		D3407D222B39A49800D9DFA2 /* HW42-HSR(PickerVeiw).app */ = {isa = PBXFileReference; explicitFileType = wrapper.application; includeInIndex = 0; path = "HW42-HSR(PickerVeiw).app"; sourceTree = BUILT_PRODUCTS_DIR; };
		D3407D252B39A49800D9DFA2 /* AppDelegate.swift */ = {isa = PBXFileReference; lastKnownFileType = sourcecode.swift; path = AppDelegate.swift; sourceTree = "<group>"; };
		D3407D272B39A49800D9DFA2 /* SceneDelegate.swift */ = {isa = PBXFileReference; lastKnownFileType = sourcecode.swift; path = SceneDelegate.swift; sourceTree = "<group>"; };
		D3407D2E2B39A4AA00D9DFA2 /* Assets.xcassets */ = {isa = PBXFileReference; lastKnownFileType = folder.assetcatalog; path = Assets.xcassets; sourceTree = "<group>"; };
		D3407D312B39A4AA00D9DFA2 /* Base */ = {isa = PBXFileReference; lastKnownFileType = file.storyboard; name = Base; path = Base.lproj/LaunchScreen.storyboard; sourceTree = "<group>"; };
		D3407D332B39A4AA00D9DFA2 /* Info.plist */ = {isa = PBXFileReference; lastKnownFileType = text.plist.xml; path = Info.plist; sourceTree = "<group>"; };
		D3407D382B39A4AA00D9DFA2 /* HW42-HSR(PickerVeiw)Tests.xctest */ = {isa = PBXFileReference; explicitFileType = wrapper.cfbundle; includeInIndex = 0; path = "HW42-HSR(PickerVeiw)Tests.xctest"; sourceTree = BUILT_PRODUCTS_DIR; };
		D3407D3C2B39A4AA00D9DFA2 /* HW42_HSR_PickerVeiw_Tests.swift */ = {isa = PBXFileReference; lastKnownFileType = sourcecode.swift; path = HW42_HSR_PickerVeiw_Tests.swift; sourceTree = "<group>"; };
		D3407D422B39A4AA00D9DFA2 /* HW42-HSR(PickerVeiw)UITests.xctest */ = {isa = PBXFileReference; explicitFileType = wrapper.cfbundle; includeInIndex = 0; path = "HW42-HSR(PickerVeiw)UITests.xctest"; sourceTree = BUILT_PRODUCTS_DIR; };
		D3407D462B39A4AA00D9DFA2 /* HW42_HSR_PickerVeiw_UITests.swift */ = {isa = PBXFileReference; lastKnownFileType = sourcecode.swift; path = HW42_HSR_PickerVeiw_UITests.swift; sourceTree = "<group>"; };
		D3407D482B39A4AA00D9DFA2 /* HW42_HSR_PickerVeiw_UITestsLaunchTests.swift */ = {isa = PBXFileReference; lastKnownFileType = sourcecode.swift; path = HW42_HSR_PickerVeiw_UITestsLaunchTests.swift; sourceTree = "<group>"; };
		D3407D5D2B39D17700D9DFA2 /* SearchTableViewCell.swift */ = {isa = PBXFileReference; lastKnownFileType = sourcecode.swift; path = SearchTableViewCell.swift; sourceTree = "<group>"; };
		D3407D5E2B39D17700D9DFA2 /* SearchTableViewCell.xib */ = {isa = PBXFileReference; lastKnownFileType = file.xib; path = SearchTableViewCell.xib; sourceTree = "<group>"; };
		D3407D632B39E00200D9DFA2 /* README.md */ = {isa = PBXFileReference; lastKnownFileType = net.daringfireball.markdown; path = README.md; sourceTree = "<group>"; };
		D3407D802B39F06100D9DFA2 /* ChooseStationTableViewCell.swift */ = {isa = PBXFileReference; lastKnownFileType = sourcecode.swift; path = ChooseStationTableViewCell.swift; sourceTree = "<group>"; };
		D3407D812B39F06100D9DFA2 /* ChooseStationTableViewCell.xib */ = {isa = PBXFileReference; lastKnownFileType = file.xib; path = ChooseStationTableViewCell.xib; sourceTree = "<group>"; };
		D38C05912B42D6860098E0B9 /* ServiceSelection+Model.swift */ = {isa = PBXFileReference; lastKnownFileType = sourcecode.swift; path = "ServiceSelection+Model.swift"; sourceTree = "<group>"; };
		D38C05932B42D6E50098E0B9 /* StationName+Model.swift */ = {isa = PBXFileReference; lastKnownFileType = sourcecode.swift; path = "StationName+Model.swift"; sourceTree = "<group>"; };
		D3F843E22B576F84001AF2D1 /* UIColor+Ext.swift */ = {isa = PBXFileReference; lastKnownFileType = sourcecode.swift; path = "UIColor+Ext.swift"; sourceTree = "<group>"; };
		D3F843E62B57A654001AF2D1 /* AccountViewController.swift */ = {isa = PBXFileReference; lastKnownFileType = sourcecode.swift; name = AccountViewController.swift; path = "HW42-HSR(PickerVeiw)/ViewController/AccountViewController.swift"; sourceTree = SOURCE_ROOT; };
		D3F843E82B57B031001AF2D1 /* AccountTableViewCell+Model.swift */ = {isa = PBXFileReference; lastKnownFileType = sourcecode.swift; path = "AccountTableViewCell+Model.swift"; sourceTree = "<group>"; };
		D3F843EA2B57CB2B001AF2D1 /* AccountTableViewCell.swift */ = {isa = PBXFileReference; lastKnownFileType = sourcecode.swift; path = AccountTableViewCell.swift; sourceTree = "<group>"; };
		D3F843EB2B57CB2B001AF2D1 /* AccountTableViewCell.xib */ = {isa = PBXFileReference; lastKnownFileType = file.xib; path = AccountTableViewCell.xib; sourceTree = "<group>"; };
		D3F843FB2B5C28B6001AF2D1 /* ServiceTableViewCell.swift */ = {isa = PBXFileReference; lastKnownFileType = sourcecode.swift; name = ServiceTableViewCell.swift; path = "/Users/haodawei/Desktop/Swift/HW42-HSR-PickerVeiw--main/HW42-HSR(PickerVeiw)/ServiceTableViewCell/ServiceTableViewCell.swift"; sourceTree = "<absolute>"; };
		D3F843FC2B5C28B6001AF2D1 /* ServiceTableViewCell.xib */ = {isa = PBXFileReference; lastKnownFileType = file.xib; name = ServiceTableViewCell.xib; path = "/Users/haodawei/Desktop/Swift/HW42-HSR-PickerVeiw--main/HW42-HSR(PickerVeiw)/ServiceTableViewCell/ServiceTableViewCell.xib"; sourceTree = "<absolute>"; };
		D3F844012B5D341D001AF2D1 /* RidingTimeViewController.swift */ = {isa = PBXFileReference; lastKnownFileType = sourcecode.swift; path = RidingTimeViewController.swift; sourceTree = "<group>"; };
		EB631B972B3B1EE200D77A16 /* TickerOrderViewController.swift */ = {isa = PBXFileReference; lastKnownFileType = sourcecode.swift; path = TickerOrderViewController.swift; sourceTree = "<group>"; };
		EB83C6F42B4473B100C78859 /* UIView+Ext.swift */ = {isa = PBXFileReference; lastKnownFileType = sourcecode.swift; path = "UIView+Ext.swift"; sourceTree = "<group>"; };
		EBFEBF3D2B3B07E900B9B3E1 /* TrainStatusTableViewCell.swift */ = {isa = PBXFileReference; lastKnownFileType = sourcecode.swift; path = TrainStatusTableViewCell.swift; sourceTree = "<group>"; };
		EBFEBF3E2B3B07E900B9B3E1 /* TrainStatusTableViewCell.xib */ = {isa = PBXFileReference; lastKnownFileType = file.xib; path = TrainStatusTableViewCell.xib; sourceTree = "<group>"; };
/* End PBXFileReference section */

/* Begin PBXFrameworksBuildPhase section */
		D3407D1F2B39A49800D9DFA2 /* Frameworks */ = {
			isa = PBXFrameworksBuildPhase;
			buildActionMask = 2147483647;
			files = (
			);
			runOnlyForDeploymentPostprocessing = 0;
		};
		D3407D352B39A4AA00D9DFA2 /* Frameworks */ = {
			isa = PBXFrameworksBuildPhase;
			buildActionMask = 2147483647;
			files = (
			);
			runOnlyForDeploymentPostprocessing = 0;
		};
		D3407D3F2B39A4AA00D9DFA2 /* Frameworks */ = {
			isa = PBXFrameworksBuildPhase;
			buildActionMask = 2147483647;
			files = (
			);
			runOnlyForDeploymentPostprocessing = 0;
		};
/* End PBXFrameworksBuildPhase section */

/* Begin PBXGroup section */
		D3407D192B39A49800D9DFA2 = {
			isa = PBXGroup;
			children = (
				D3407D632B39E00200D9DFA2 /* README.md */,
				D3407D242B39A49800D9DFA2 /* HW42-HSR(PickerVeiw) */,
				D3407D3B2B39A4AA00D9DFA2 /* HW42-HSR(PickerVeiw)Tests */,
				D3407D452B39A4AA00D9DFA2 /* HW42-HSR(PickerVeiw)UITests */,
				D3407D232B39A49800D9DFA2 /* Products */,
			);
			sourceTree = "<group>";
		};
		D3407D232B39A49800D9DFA2 /* Products */ = {
			isa = PBXGroup;
			children = (
				D3407D222B39A49800D9DFA2 /* HW42-HSR(PickerVeiw).app */,
				D3407D382B39A4AA00D9DFA2 /* HW42-HSR(PickerVeiw)Tests.xctest */,
				D3407D422B39A4AA00D9DFA2 /* HW42-HSR(PickerVeiw)UITests.xctest */,
			);
			name = Products;
			sourceTree = "<group>";
		};
		D3407D242B39A49800D9DFA2 /* HW42-HSR(PickerVeiw) */ = {
			isa = PBXGroup;
			children = (
				D38C061A2B43E70D0098E0B9 /* Model */,
				D3407D332B39A4AA00D9DFA2 /* Info.plist */,
				D3407D622B39DC0400D9DFA2 /* Supporting Files */,
				EBFEBF412B3B07EF00B9B3E1 /* TrainStatusTableViewCell */,
				D377B5B32B3BEE6F00392B26 /* ChooseStationTableView */,
				D3F844002B5C2D23001AF2D1 /* ServiceTableViewCell */,
				D3407D612B39D17B00D9DFA2 /* SearchTableViewCell */,
				D3407D572B39A55400D9DFA2 /* ViewController */,
				D3F843EE2B57CB39001AF2D1 /* AccountTableViewCell */,
				EB83C6F62B44747A00C78859 /* Extension */,
			);
			path = "HW42-HSR(PickerVeiw)";
			sourceTree = "<group>";
		};
		D3407D3B2B39A4AA00D9DFA2 /* HW42-HSR(PickerVeiw)Tests */ = {
			isa = PBXGroup;
			children = (
				D3407D3C2B39A4AA00D9DFA2 /* HW42_HSR_PickerVeiw_Tests.swift */,
			);
			path = "HW42-HSR(PickerVeiw)Tests";
			sourceTree = "<group>";
		};
		D3407D452B39A4AA00D9DFA2 /* HW42-HSR(PickerVeiw)UITests */ = {
			isa = PBXGroup;
			children = (
				D3407D462B39A4AA00D9DFA2 /* HW42_HSR_PickerVeiw_UITests.swift */,
				D3407D482B39A4AA00D9DFA2 /* HW42_HSR_PickerVeiw_UITestsLaunchTests.swift */,
			);
			path = "HW42-HSR(PickerVeiw)UITests";
			sourceTree = "<group>";
		};
		D3407D572B39A55400D9DFA2 /* ViewController */ = {
			isa = PBXGroup;
			children = (
				EB631B972B3B1EE200D77A16 /* TickerOrderViewController.swift */,
				D3F843E62B57A654001AF2D1 /* AccountViewController.swift */,
				D3F844012B5D341D001AF2D1 /* RidingTimeViewController.swift */,
			);
			path = ViewController;
			sourceTree = "<group>";
		};
		D3407D612B39D17B00D9DFA2 /* SearchTableViewCell */ = {
			isa = PBXGroup;
			children = (
				D3407D5E2B39D17700D9DFA2 /* SearchTableViewCell.xib */,
				D3407D5D2B39D17700D9DFA2 /* SearchTableViewCell.swift */,
			);
			path = SearchTableViewCell;
			sourceTree = "<group>";
		};
		D3407D622B39DC0400D9DFA2 /* Supporting Files */ = {
			isa = PBXGroup;
			children = (
				D3407D252B39A49800D9DFA2 /* AppDelegate.swift */,
				D3407D272B39A49800D9DFA2 /* SceneDelegate.swift */,
				D3407D2E2B39A4AA00D9DFA2 /* Assets.xcassets */,
				D3407D302B39A4AA00D9DFA2 /* LaunchScreen.storyboard */,
			);
			path = "Supporting Files";
			sourceTree = "<group>";
		};
		D377B5B32B3BEE6F00392B26 /* ChooseStationTableView */ = {
			isa = PBXGroup;
			children = (
				D3407D812B39F06100D9DFA2 /* ChooseStationTableViewCell.xib */,
				D3407D802B39F06100D9DFA2 /* ChooseStationTableViewCell.swift */,
			);
			path = ChooseStationTableView;
			sourceTree = "<group>";
		};
		D38C061A2B43E70D0098E0B9 /* Model */ = {
			isa = PBXGroup;
			children = (
				D38C05912B42D6860098E0B9 /* ServiceSelection+Model.swift */,
				D38C05932B42D6E50098E0B9 /* StationName+Model.swift */,
				D3F843E82B57B031001AF2D1 /* AccountTableViewCell+Model.swift */,
			);
			path = Model;
			sourceTree = "<group>";
		};
		D3F843EE2B57CB39001AF2D1 /* AccountTableViewCell */ = {
			isa = PBXGroup;
			children = (
				D3F843EA2B57CB2B001AF2D1 /* AccountTableViewCell.swift */,
				D3F843EB2B57CB2B001AF2D1 /* AccountTableViewCell.xib */,
			);
			path = AccountTableViewCell;
			sourceTree = "<group>";
		};
		D3F844002B5C2D23001AF2D1 /* ServiceTableViewCell */ = {
			isa = PBXGroup;
			children = (
				D3F843FC2B5C28B6001AF2D1 /* ServiceTableViewCell.xib */,
				D3F843FB2B5C28B6001AF2D1 /* ServiceTableViewCell.swift */,
			);
			name = ServiceTableViewCell;
			path = ../ServiceTableViewCell;
			sourceTree = "<group>";
		};
		EB83C6F62B44747A00C78859 /* Extension */ = {
			isa = PBXGroup;
			children = (
				EB83C6F42B4473B100C78859 /* UIView+Ext.swift */,
				D3F843E22B576F84001AF2D1 /* UIColor+Ext.swift */,
			);
			path = Extension;
			sourceTree = "<group>";
		};
		EBFEBF412B3B07EF00B9B3E1 /* TrainStatusTableViewCell */ = {
			isa = PBXGroup;
			children = (
				EBFEBF3E2B3B07E900B9B3E1 /* TrainStatusTableViewCell.xib */,
				EBFEBF3D2B3B07E900B9B3E1 /* TrainStatusTableViewCell.swift */,
			);
			path = TrainStatusTableViewCell;
			sourceTree = "<group>";
		};
/* End PBXGroup section */

/* Begin PBXNativeTarget section */
		D3407D212B39A49800D9DFA2 /* HW42-HSR(PickerVeiw) */ = {
			isa = PBXNativeTarget;
			buildConfigurationList = D3407D4C2B39A4AA00D9DFA2 /* Build configuration list for PBXNativeTarget "HW42-HSR(PickerVeiw)" */;
			buildPhases = (
				D3407D1E2B39A49800D9DFA2 /* Sources */,
				D3407D1F2B39A49800D9DFA2 /* Frameworks */,
				D3407D202B39A49800D9DFA2 /* Resources */,
			);
			buildRules = (
			);
			dependencies = (
			);
			name = "HW42-HSR(PickerVeiw)";
			productName = "HW42-HSR(PickerVeiw)";
			productReference = D3407D222B39A49800D9DFA2 /* HW42-HSR(PickerVeiw).app */;
			productType = "com.apple.product-type.application";
		};
		D3407D372B39A4AA00D9DFA2 /* HW42-HSR(PickerVeiw)Tests */ = {
			isa = PBXNativeTarget;
			buildConfigurationList = D3407D4F2B39A4AA00D9DFA2 /* Build configuration list for PBXNativeTarget "HW42-HSR(PickerVeiw)Tests" */;
			buildPhases = (
				D3407D342B39A4AA00D9DFA2 /* Sources */,
				D3407D352B39A4AA00D9DFA2 /* Frameworks */,
				D3407D362B39A4AA00D9DFA2 /* Resources */,
			);
			buildRules = (
			);
			dependencies = (
				D3407D3A2B39A4AA00D9DFA2 /* PBXTargetDependency */,
			);
			name = "HW42-HSR(PickerVeiw)Tests";
			productName = "HW42-HSR(PickerVeiw)Tests";
			productReference = D3407D382B39A4AA00D9DFA2 /* HW42-HSR(PickerVeiw)Tests.xctest */;
			productType = "com.apple.product-type.bundle.unit-test";
		};
		D3407D412B39A4AA00D9DFA2 /* HW42-HSR(PickerVeiw)UITests */ = {
			isa = PBXNativeTarget;
			buildConfigurationList = D3407D522B39A4AA00D9DFA2 /* Build configuration list for PBXNativeTarget "HW42-HSR(PickerVeiw)UITests" */;
			buildPhases = (
				D3407D3E2B39A4AA00D9DFA2 /* Sources */,
				D3407D3F2B39A4AA00D9DFA2 /* Frameworks */,
				D3407D402B39A4AA00D9DFA2 /* Resources */,
			);
			buildRules = (
			);
			dependencies = (
				D3407D442B39A4AA00D9DFA2 /* PBXTargetDependency */,
			);
			name = "HW42-HSR(PickerVeiw)UITests";
			productName = "HW42-HSR(PickerVeiw)UITests";
			productReference = D3407D422B39A4AA00D9DFA2 /* HW42-HSR(PickerVeiw)UITests.xctest */;
			productType = "com.apple.product-type.bundle.ui-testing";
		};
/* End PBXNativeTarget section */

/* Begin PBXProject section */
		D3407D1A2B39A49800D9DFA2 /* Project object */ = {
			isa = PBXProject;
			attributes = {
				BuildIndependentTargetsInParallel = 1;
				LastSwiftUpdateCheck = 1510;
				LastUpgradeCheck = 1510;
				TargetAttributes = {
					D3407D212B39A49800D9DFA2 = {
						CreatedOnToolsVersion = 15.1;
					};
					D3407D372B39A4AA00D9DFA2 = {
						CreatedOnToolsVersion = 15.1;
						TestTargetID = D3407D212B39A49800D9DFA2;
					};
					D3407D412B39A4AA00D9DFA2 = {
						CreatedOnToolsVersion = 15.1;
						TestTargetID = D3407D212B39A49800D9DFA2;
					};
				};
			};
			buildConfigurationList = D3407D1D2B39A49800D9DFA2 /* Build configuration list for PBXProject "HW42-HSR(PickerVeiw)" */;
			compatibilityVersion = "Xcode 14.0";
			developmentRegion = en;
			hasScannedForEncodings = 0;
			knownRegions = (
				en,
				Base,
			);
			mainGroup = D3407D192B39A49800D9DFA2;
			productRefGroup = D3407D232B39A49800D9DFA2 /* Products */;
			projectDirPath = "";
			projectRoot = "";
			targets = (
				D3407D212B39A49800D9DFA2 /* HW42-HSR(PickerVeiw) */,
				D3407D372B39A4AA00D9DFA2 /* HW42-HSR(PickerVeiw)Tests */,
				D3407D412B39A4AA00D9DFA2 /* HW42-HSR(PickerVeiw)UITests */,
			);
		};
/* End PBXProject section */

/* Begin PBXResourcesBuildPhase section */
		D3407D202B39A49800D9DFA2 /* Resources */ = {
			isa = PBXResourcesBuildPhase;
			buildActionMask = 2147483647;
			files = (
				D3407D832B39F06100D9DFA2 /* ChooseStationTableViewCell.xib in Resources */,
				D3407D322B39A4AA00D9DFA2 /* LaunchScreen.storyboard in Resources */,
				EBFEBF402B3B07E900B9B3E1 /* TrainStatusTableViewCell.xib in Resources */,
				D3407D2F2B39A4AA00D9DFA2 /* Assets.xcassets in Resources */,
				D3F843FE2B5C28B6001AF2D1 /* ServiceTableViewCell.xib in Resources */,
				D3F843ED2B57CB2B001AF2D1 /* AccountTableViewCell.xib in Resources */,
				D3407D602B39D17700D9DFA2 /* SearchTableViewCell.xib in Resources */,
			);
			runOnlyForDeploymentPostprocessing = 0;
		};
		D3407D362B39A4AA00D9DFA2 /* Resources */ = {
			isa = PBXResourcesBuildPhase;
			buildActionMask = 2147483647;
			files = (
			);
			runOnlyForDeploymentPostprocessing = 0;
		};
		D3407D402B39A4AA00D9DFA2 /* Resources */ = {
			isa = PBXResourcesBuildPhase;
			buildActionMask = 2147483647;
			files = (
			);
			runOnlyForDeploymentPostprocessing = 0;
		};
/* End PBXResourcesBuildPhase section */

/* Begin PBXSourcesBuildPhase section */
		D3407D1E2B39A49800D9DFA2 /* Sources */ = {
			isa = PBXSourcesBuildPhase;
			buildActionMask = 2147483647;
			files = (
				D3F844022B5D341D001AF2D1 /* RidingTimeViewController.swift in Sources */,
				D38C05942B42D6E50098E0B9 /* StationName+Model.swift in Sources */,
				D3F843E72B57A654001AF2D1 /* AccountViewController.swift in Sources */,
				EB83C6F52B4473B100C78859 /* UIView+Ext.swift in Sources */,
				D3407D822B39F06100D9DFA2 /* ChooseStationTableViewCell.swift in Sources */,
				D3F843E92B57B031001AF2D1 /* AccountTableViewCell+Model.swift in Sources */,
				D3F843E32B576F84001AF2D1 /* UIColor+Ext.swift in Sources */,
				D3F843FD2B5C28B6001AF2D1 /* ServiceTableViewCell.swift in Sources */,
				D3407D262B39A49800D9DFA2 /* AppDelegate.swift in Sources */,
				EBFEBF3F2B3B07E900B9B3E1 /* TrainStatusTableViewCell.swift in Sources */,
				D3407D282B39A49800D9DFA2 /* SceneDelegate.swift in Sources */,
				D38C05922B42D6860098E0B9 /* ServiceSelection+Model.swift in Sources */,
				D3F843EC2B57CB2B001AF2D1 /* AccountTableViewCell.swift in Sources */,
				D3407D5F2B39D17700D9DFA2 /* SearchTableViewCell.swift in Sources */,
				EB631B982B3B1EE200D77A16 /* TickerOrderViewController.swift in Sources */,
			);
			runOnlyForDeploymentPostprocessing = 0;
		};
		D3407D342B39A4AA00D9DFA2 /* Sources */ = {
			isa = PBXSourcesBuildPhase;
			buildActionMask = 2147483647;
			files = (
				D3407D3D2B39A4AA00D9DFA2 /* HW42_HSR_PickerVeiw_Tests.swift in Sources */,
			);
			runOnlyForDeploymentPostprocessing = 0;
		};
		D3407D3E2B39A4AA00D9DFA2 /* Sources */ = {
			isa = PBXSourcesBuildPhase;
			buildActionMask = 2147483647;
			files = (
				D3407D492B39A4AA00D9DFA2 /* HW42_HSR_PickerVeiw_UITestsLaunchTests.swift in Sources */,
				D3407D472B39A4AA00D9DFA2 /* HW42_HSR_PickerVeiw_UITests.swift in Sources */,
			);
			runOnlyForDeploymentPostprocessing = 0;
		};
/* End PBXSourcesBuildPhase section */

/* Begin PBXTargetDependency section */
		D3407D3A2B39A4AA00D9DFA2 /* PBXTargetDependency */ = {
			isa = PBXTargetDependency;
			target = D3407D212B39A49800D9DFA2 /* HW42-HSR(PickerVeiw) */;
			targetProxy = D3407D392B39A4AA00D9DFA2 /* PBXContainerItemProxy */;
		};
		D3407D442B39A4AA00D9DFA2 /* PBXTargetDependency */ = {
			isa = PBXTargetDependency;
			target = D3407D212B39A49800D9DFA2 /* HW42-HSR(PickerVeiw) */;
			targetProxy = D3407D432B39A4AA00D9DFA2 /* PBXContainerItemProxy */;
		};
/* End PBXTargetDependency section */

/* Begin PBXVariantGroup section */
		D3407D302B39A4AA00D9DFA2 /* LaunchScreen.storyboard */ = {
			isa = PBXVariantGroup;
			children = (
				D3407D312B39A4AA00D9DFA2 /* Base */,
			);
			name = LaunchScreen.storyboard;
			sourceTree = "<group>";
		};
/* End PBXVariantGroup section */

/* Begin XCBuildConfiguration section */
		D3407D4A2B39A4AA00D9DFA2 /* Debug */ = {
			isa = XCBuildConfiguration;
			buildSettings = {
				ALWAYS_SEARCH_USER_PATHS = NO;
				ASSETCATALOG_COMPILER_GENERATE_SWIFT_ASSET_SYMBOL_EXTENSIONS = YES;
				CLANG_ANALYZER_NONNULL = YES;
				CLANG_ANALYZER_NUMBER_OBJECT_CONVERSION = YES_AGGRESSIVE;
				CLANG_CXX_LANGUAGE_STANDARD = "gnu++20";
				CLANG_ENABLE_MODULES = YES;
				CLANG_ENABLE_OBJC_ARC = YES;
				CLANG_ENABLE_OBJC_WEAK = YES;
				CLANG_WARN_BLOCK_CAPTURE_AUTORELEASING = YES;
				CLANG_WARN_BOOL_CONVERSION = YES;
				CLANG_WARN_COMMA = YES;
				CLANG_WARN_CONSTANT_CONVERSION = YES;
				CLANG_WARN_DEPRECATED_OBJC_IMPLEMENTATIONS = YES;
				CLANG_WARN_DIRECT_OBJC_ISA_USAGE = YES_ERROR;
				CLANG_WARN_DOCUMENTATION_COMMENTS = YES;
				CLANG_WARN_EMPTY_BODY = YES;
				CLANG_WARN_ENUM_CONVERSION = YES;
				CLANG_WARN_INFINITE_RECURSION = YES;
				CLANG_WARN_INT_CONVERSION = YES;
				CLANG_WARN_NON_LITERAL_NULL_CONVERSION = YES;
				CLANG_WARN_OBJC_IMPLICIT_RETAIN_SELF = YES;
				CLANG_WARN_OBJC_LITERAL_CONVERSION = YES;
				CLANG_WARN_OBJC_ROOT_CLASS = YES_ERROR;
				CLANG_WARN_QUOTED_INCLUDE_IN_FRAMEWORK_HEADER = YES;
				CLANG_WARN_RANGE_LOOP_ANALYSIS = YES;
				CLANG_WARN_STRICT_PROTOTYPES = YES;
				CLANG_WARN_SUSPICIOUS_MOVE = YES;
				CLANG_WARN_UNGUARDED_AVAILABILITY = YES_AGGRESSIVE;
				CLANG_WARN_UNREACHABLE_CODE = YES;
				CLANG_WARN__DUPLICATE_METHOD_MATCH = YES;
				COPY_PHASE_STRIP = NO;
				DEBUG_INFORMATION_FORMAT = dwarf;
				ENABLE_STRICT_OBJC_MSGSEND = YES;
				ENABLE_TESTABILITY = YES;
				ENABLE_USER_SCRIPT_SANDBOXING = YES;
				GCC_C_LANGUAGE_STANDARD = gnu17;
				GCC_DYNAMIC_NO_PIC = NO;
				GCC_NO_COMMON_BLOCKS = YES;
				GCC_OPTIMIZATION_LEVEL = 0;
				GCC_PREPROCESSOR_DEFINITIONS = (
					"DEBUG=1",
					"$(inherited)",
				);
				GCC_WARN_64_TO_32_BIT_CONVERSION = YES;
				GCC_WARN_ABOUT_RETURN_TYPE = YES_ERROR;
				GCC_WARN_UNDECLARED_SELECTOR = YES;
				GCC_WARN_UNINITIALIZED_AUTOS = YES_AGGRESSIVE;
				GCC_WARN_UNUSED_FUNCTION = YES;
				GCC_WARN_UNUSED_VARIABLE = YES;
				IPHONEOS_DEPLOYMENT_TARGET = 17.2;
				LOCALIZATION_PREFERS_STRING_CATALOGS = YES;
				MTL_ENABLE_DEBUG_INFO = INCLUDE_SOURCE;
				MTL_FAST_MATH = YES;
				ONLY_ACTIVE_ARCH = YES;
				SDKROOT = iphoneos;
				SWIFT_ACTIVE_COMPILATION_CONDITIONS = "DEBUG $(inherited)";
				SWIFT_OPTIMIZATION_LEVEL = "-Onone";
			};
			name = Debug;
		};
		D3407D4B2B39A4AA00D9DFA2 /* Release */ = {
			isa = XCBuildConfiguration;
			buildSettings = {
				ALWAYS_SEARCH_USER_PATHS = NO;
				ASSETCATALOG_COMPILER_GENERATE_SWIFT_ASSET_SYMBOL_EXTENSIONS = YES;
				CLANG_ANALYZER_NONNULL = YES;
				CLANG_ANALYZER_NUMBER_OBJECT_CONVERSION = YES_AGGRESSIVE;
				CLANG_CXX_LANGUAGE_STANDARD = "gnu++20";
				CLANG_ENABLE_MODULES = YES;
				CLANG_ENABLE_OBJC_ARC = YES;
				CLANG_ENABLE_OBJC_WEAK = YES;
				CLANG_WARN_BLOCK_CAPTURE_AUTORELEASING = YES;
				CLANG_WARN_BOOL_CONVERSION = YES;
				CLANG_WARN_COMMA = YES;
				CLANG_WARN_CONSTANT_CONVERSION = YES;
				CLANG_WARN_DEPRECATED_OBJC_IMPLEMENTATIONS = YES;
				CLANG_WARN_DIRECT_OBJC_ISA_USAGE = YES_ERROR;
				CLANG_WARN_DOCUMENTATION_COMMENTS = YES;
				CLANG_WARN_EMPTY_BODY = YES;
				CLANG_WARN_ENUM_CONVERSION = YES;
				CLANG_WARN_INFINITE_RECURSION = YES;
				CLANG_WARN_INT_CONVERSION = YES;
				CLANG_WARN_NON_LITERAL_NULL_CONVERSION = YES;
				CLANG_WARN_OBJC_IMPLICIT_RETAIN_SELF = YES;
				CLANG_WARN_OBJC_LITERAL_CONVERSION = YES;
				CLANG_WARN_OBJC_ROOT_CLASS = YES_ERROR;
				CLANG_WARN_QUOTED_INCLUDE_IN_FRAMEWORK_HEADER = YES;
				CLANG_WARN_RANGE_LOOP_ANALYSIS = YES;
				CLANG_WARN_STRICT_PROTOTYPES = YES;
				CLANG_WARN_SUSPICIOUS_MOVE = YES;
				CLANG_WARN_UNGUARDED_AVAILABILITY = YES_AGGRESSIVE;
				CLANG_WARN_UNREACHABLE_CODE = YES;
				CLANG_WARN__DUPLICATE_METHOD_MATCH = YES;
				COPY_PHASE_STRIP = NO;
				DEBUG_INFORMATION_FORMAT = "dwarf-with-dsym";
				ENABLE_NS_ASSERTIONS = NO;
				ENABLE_STRICT_OBJC_MSGSEND = YES;
				ENABLE_USER_SCRIPT_SANDBOXING = YES;
				GCC_C_LANGUAGE_STANDARD = gnu17;
				GCC_NO_COMMON_BLOCKS = YES;
				GCC_WARN_64_TO_32_BIT_CONVERSION = YES;
				GCC_WARN_ABOUT_RETURN_TYPE = YES_ERROR;
				GCC_WARN_UNDECLARED_SELECTOR = YES;
				GCC_WARN_UNINITIALIZED_AUTOS = YES_AGGRESSIVE;
				GCC_WARN_UNUSED_FUNCTION = YES;
				GCC_WARN_UNUSED_VARIABLE = YES;
				IPHONEOS_DEPLOYMENT_TARGET = 17.2;
				LOCALIZATION_PREFERS_STRING_CATALOGS = YES;
				MTL_ENABLE_DEBUG_INFO = NO;
				MTL_FAST_MATH = YES;
				SDKROOT = iphoneos;
				SWIFT_COMPILATION_MODE = wholemodule;
				VALIDATE_PRODUCT = YES;
			};
			name = Release;
		};
		D3407D4D2B39A4AA00D9DFA2 /* Debug */ = {
			isa = XCBuildConfiguration;
			buildSettings = {
				ASSETCATALOG_COMPILER_APPICON_NAME = AppIcon;
				ASSETCATALOG_COMPILER_GLOBAL_ACCENT_COLOR_NAME = AccentColor;
				CODE_SIGN_STYLE = Automatic;
				CURRENT_PROJECT_VERSION = 1;
				DEVELOPMENT_TEAM = 7NJ9W73ML8;
				GENERATE_INFOPLIST_FILE = YES;
				INFOPLIST_FILE = "HW42-HSR(PickerVeiw)/Info.plist";
				INFOPLIST_KEY_UIApplicationSupportsIndirectInputEvents = YES;
				INFOPLIST_KEY_UILaunchStoryboardName = LaunchScreen;
				INFOPLIST_KEY_UISupportedInterfaceOrientations_iPad = "UIInterfaceOrientationPortrait UIInterfaceOrientationPortraitUpsideDown UIInterfaceOrientationLandscapeLeft UIInterfaceOrientationLandscapeRight";
				INFOPLIST_KEY_UISupportedInterfaceOrientations_iPhone = "UIInterfaceOrientationPortrait UIInterfaceOrientationLandscapeLeft UIInterfaceOrientationLandscapeRight";
				IPHONEOS_DEPLOYMENT_TARGET = 17.0;
				LD_RUNPATH_SEARCH_PATHS = (
					"$(inherited)",
					"@executable_path/Frameworks",
				);
				MARKETING_VERSION = 1.0;
				PRODUCT_BUNDLE_IDENTIFIER = "com.dawei84.HW42-HSR-PickerVeiw-";
				PRODUCT_NAME = "$(TARGET_NAME)";
				SWIFT_EMIT_LOC_STRINGS = YES;
				SWIFT_VERSION = 5.0;
				TARGETED_DEVICE_FAMILY = "1,2";
			};
			name = Debug;
		};
		D3407D4E2B39A4AA00D9DFA2 /* Release */ = {
			isa = XCBuildConfiguration;
			buildSettings = {
				ASSETCATALOG_COMPILER_APPICON_NAME = AppIcon;
				ASSETCATALOG_COMPILER_GLOBAL_ACCENT_COLOR_NAME = AccentColor;
				CODE_SIGN_STYLE = Automatic;
				CURRENT_PROJECT_VERSION = 1;
				DEVELOPMENT_TEAM = 7NJ9W73ML8;
				GENERATE_INFOPLIST_FILE = YES;
				INFOPLIST_FILE = "HW42-HSR(PickerVeiw)/Info.plist";
				INFOPLIST_KEY_UIApplicationSupportsIndirectInputEvents = YES;
				INFOPLIST_KEY_UILaunchStoryboardName = LaunchScreen;
				INFOPLIST_KEY_UISupportedInterfaceOrientations_iPad = "UIInterfaceOrientationPortrait UIInterfaceOrientationPortraitUpsideDown UIInterfaceOrientationLandscapeLeft UIInterfaceOrientationLandscapeRight";
				INFOPLIST_KEY_UISupportedInterfaceOrientations_iPhone = "UIInterfaceOrientationPortrait UIInterfaceOrientationLandscapeLeft UIInterfaceOrientationLandscapeRight";
				IPHONEOS_DEPLOYMENT_TARGET = 17.0;
				LD_RUNPATH_SEARCH_PATHS = (
					"$(inherited)",
					"@executable_path/Frameworks",
				);
				MARKETING_VERSION = 1.0;
				PRODUCT_BUNDLE_IDENTIFIER = "com.dawei84.HW42-HSR-PickerVeiw-";
				PRODUCT_NAME = "$(TARGET_NAME)";
				SWIFT_EMIT_LOC_STRINGS = YES;
				SWIFT_VERSION = 5.0;
				TARGETED_DEVICE_FAMILY = "1,2";
			};
			name = Release;
		};
		D3407D502B39A4AA00D9DFA2 /* Debug */ = {
			isa = XCBuildConfiguration;
			buildSettings = {
				ALWAYS_EMBED_SWIFT_STANDARD_LIBRARIES = YES;
				BUNDLE_LOADER = "$(TEST_HOST)";
				CODE_SIGN_STYLE = Automatic;
				CURRENT_PROJECT_VERSION = 1;
				DEVELOPMENT_TEAM = 7NJ9W73ML8;
				GENERATE_INFOPLIST_FILE = YES;
				IPHONEOS_DEPLOYMENT_TARGET = 17.2;
				MARKETING_VERSION = 1.0;
				PRODUCT_BUNDLE_IDENTIFIER = "com.dawei84.HW42-HSR-PickerVeiw-Tests";
				PRODUCT_NAME = "$(TARGET_NAME)";
				SWIFT_EMIT_LOC_STRINGS = NO;
				SWIFT_VERSION = 5.0;
				TARGETED_DEVICE_FAMILY = "1,2";
				TEST_HOST = "$(BUILT_PRODUCTS_DIR)/HW42-HSR(PickerVeiw).app/$(BUNDLE_EXECUTABLE_FOLDER_PATH)/HW42-HSR(PickerVeiw)";
			};
			name = Debug;
		};
		D3407D512B39A4AA00D9DFA2 /* Release */ = {
			isa = XCBuildConfiguration;
			buildSettings = {
				ALWAYS_EMBED_SWIFT_STANDARD_LIBRARIES = YES;
				BUNDLE_LOADER = "$(TEST_HOST)";
				CODE_SIGN_STYLE = Automatic;
				CURRENT_PROJECT_VERSION = 1;
				DEVELOPMENT_TEAM = 7NJ9W73ML8;
				GENERATE_INFOPLIST_FILE = YES;
				IPHONEOS_DEPLOYMENT_TARGET = 17.2;
				MARKETING_VERSION = 1.0;
				PRODUCT_BUNDLE_IDENTIFIER = "com.dawei84.HW42-HSR-PickerVeiw-Tests";
				PRODUCT_NAME = "$(TARGET_NAME)";
				SWIFT_EMIT_LOC_STRINGS = NO;
				SWIFT_VERSION = 5.0;
				TARGETED_DEVICE_FAMILY = "1,2";
				TEST_HOST = "$(BUILT_PRODUCTS_DIR)/HW42-HSR(PickerVeiw).app/$(BUNDLE_EXECUTABLE_FOLDER_PATH)/HW42-HSR(PickerVeiw)";
			};
			name = Release;
		};
		D3407D532B39A4AA00D9DFA2 /* Debug */ = {
			isa = XCBuildConfiguration;
			buildSettings = {
				ALWAYS_EMBED_SWIFT_STANDARD_LIBRARIES = YES;
				CODE_SIGN_STYLE = Automatic;
				CURRENT_PROJECT_VERSION = 1;
				DEVELOPMENT_TEAM = 7NJ9W73ML8;
				GENERATE_INFOPLIST_FILE = YES;
				MARKETING_VERSION = 1.0;
				PRODUCT_BUNDLE_IDENTIFIER = "com.dawei84.HW42-HSR-PickerVeiw-UITests";
				PRODUCT_NAME = "$(TARGET_NAME)";
				SWIFT_EMIT_LOC_STRINGS = NO;
				SWIFT_VERSION = 5.0;
				TARGETED_DEVICE_FAMILY = "1,2";
				TEST_TARGET_NAME = "HW42-HSR(PickerVeiw)";
			};
			name = Debug;
		};
		D3407D542B39A4AA00D9DFA2 /* Release */ = {
			isa = XCBuildConfiguration;
			buildSettings = {
				ALWAYS_EMBED_SWIFT_STANDARD_LIBRARIES = YES;
				CODE_SIGN_STYLE = Automatic;
				CURRENT_PROJECT_VERSION = 1;
				DEVELOPMENT_TEAM = 7NJ9W73ML8;
				GENERATE_INFOPLIST_FILE = YES;
				MARKETING_VERSION = 1.0;
				PRODUCT_BUNDLE_IDENTIFIER = "com.dawei84.HW42-HSR-PickerVeiw-UITests";
				PRODUCT_NAME = "$(TARGET_NAME)";
				SWIFT_EMIT_LOC_STRINGS = NO;
				SWIFT_VERSION = 5.0;
				TARGETED_DEVICE_FAMILY = "1,2";
				TEST_TARGET_NAME = "HW42-HSR(PickerVeiw)";
			};
			name = Release;
		};
/* End XCBuildConfiguration section */

/* Begin XCConfigurationList section */
		D3407D1D2B39A49800D9DFA2 /* Build configuration list for PBXProject "HW42-HSR(PickerVeiw)" */ = {
			isa = XCConfigurationList;
			buildConfigurations = (
				D3407D4A2B39A4AA00D9DFA2 /* Debug */,
				D3407D4B2B39A4AA00D9DFA2 /* Release */,
			);
			defaultConfigurationIsVisible = 0;
			defaultConfigurationName = Release;
		};
		D3407D4C2B39A4AA00D9DFA2 /* Build configuration list for PBXNativeTarget "HW42-HSR(PickerVeiw)" */ = {
			isa = XCConfigurationList;
			buildConfigurations = (
				D3407D4D2B39A4AA00D9DFA2 /* Debug */,
				D3407D4E2B39A4AA00D9DFA2 /* Release */,
			);
			defaultConfigurationIsVisible = 0;
			defaultConfigurationName = Release;
		};
		D3407D4F2B39A4AA00D9DFA2 /* Build configuration list for PBXNativeTarget "HW42-HSR(PickerVeiw)Tests" */ = {
			isa = XCConfigurationList;
			buildConfigurations = (
				D3407D502B39A4AA00D9DFA2 /* Debug */,
				D3407D512B39A4AA00D9DFA2 /* Release */,
			);
			defaultConfigurationIsVisible = 0;
			defaultConfigurationName = Release;
		};
		D3407D522B39A4AA00D9DFA2 /* Build configuration list for PBXNativeTarget "HW42-HSR(PickerVeiw)UITests" */ = {
			isa = XCConfigurationList;
			buildConfigurations = (
				D3407D532B39A4AA00D9DFA2 /* Debug */,
				D3407D542B39A4AA00D9DFA2 /* Release */,
			);
			defaultConfigurationIsVisible = 0;
			defaultConfigurationName = Release;
		};
/* End XCConfigurationList section */
	};
	rootObject = D3407D1A2B39A49800D9DFA2 /* Project object */;
}
